
Microsoft Visual Studio Solution File, Format Version 12.00
# Visual Studio Version 17
VisualStudioVersion = 17.14.36518.9
MinimumVisualStudioVersion = 10.0.40219.1
Project("{FAE04EC0-301F-11D3-BF4B-00C04F79EFBC}") = "CpMinerva", "CpMinerva\CpMinerva.csproj", "{5388B0B2-037E-4FFA-941A-17843CD2821B}"
EndProject
Project("{FAE04EC0-301F-11D3-BF4B-00C04F79EFBC}") = "CadMinerva", "CadMinerva\CadMinerva.csproj", "{D6052A44-8E70-4140-A24E-5F59B34CF70A}"
EndProject
Project("{FAE04EC0-301F-11D3-BF4B-00C04F79EFBC}") = "ClnMinerva", "ClnMinerva\ClnMinerva.csproj", "{C3F65957-1A59-4052-B06B-E407FEA9B194}"
EndProject
Project("{FAE04EC0-301F-11D3-BF4B-00C04F79EFBC}") = "WebMinerva", "WebMinerva\WebMinerva.csproj", "{67C54FA7-2A1D-46DB-8610-13B67A5DF234}"
EndProject
Project("{FAE04EC0-301F-11D3-BF4B-00C04F79EFBC}") = "WebMinerva2", "WebMinerva2\WebMinerva2.csproj", "{EF300886-A8B4-4430-B183-497C07AD0110}"
EndProject
Global
	GlobalSection(SolutionConfigurationPlatforms) = preSolution
		Debug|Any CPU = Debug|Any CPU
		Release|Any CPU = Release|Any CPU
	EndGlobalSection
	GlobalSection(ProjectConfigurationPlatforms) = postSolution
		{5388B0B2-037E-4FFA-941A-17843CD2821B}.Debug|Any CPU.ActiveCfg = Debug|Any CPU
		{5388B0B2-037E-4FFA-941A-17843CD2821B}.Debug|Any CPU.Build.0 = Debug|Any CPU
		{5388B0B2-037E-4FFA-941A-17843CD2821B}.Release|Any CPU.ActiveCfg = Release|Any CPU
		{5388B0B2-037E-4FFA-941A-17843CD2821B}.Release|Any CPU.Build.0 = Release|Any CPU
		{D6052A44-8E70-4140-A24E-5F59B34CF70A}.Debug|Any CPU.ActiveCfg = Debug|Any CPU
		{D6052A44-8E70-4140-A24E-5F59B34CF70A}.Debug|Any CPU.Build.0 = Debug|Any CPU
		{D6052A44-8E70-4140-A24E-5F59B34CF70A}.Release|Any CPU.ActiveCfg = Release|Any CPU
		{D6052A44-8E70-4140-A24E-5F59B34CF70A}.Release|Any CPU.Build.0 = Release|Any CPU
		{C3F65957-1A59-4052-B06B-E407FEA9B194}.Debug|Any CPU.ActiveCfg = Debug|Any CPU
		{C3F65957-1A59-4052-B06B-E407FEA9B194}.Debug|Any CPU.Build.0 = Debug|Any CPU
		{C3F65957-1A59-4052-B06B-E407FEA9B194}.Release|Any CPU.ActiveCfg = Release|Any CPU
		{C3F65957-1A59-4052-B06B-E407FEA9B194}.Release|Any CPU.Build.0 = Release|Any CPU
		{67C54FA7-2A1D-46DB-8610-13B67A5DF234}.Debug|Any CPU.ActiveCfg = Debug|Any CPU
		{67C54FA7-2A1D-46DB-8610-13B67A5DF234}.Debug|Any CPU.Build.0 = Debug|Any CPU
		{67C54FA7-2A1D-46DB-8610-13B67A5DF234}.Release|Any CPU.ActiveCfg = Release|Any CPU
		{67C54FA7-2A1D-46DB-8610-13B67A5DF234}.Release|Any CPU.Build.0 = Release|Any CPU
		{EF300886-A8B4-4430-B183-497C07AD0110}.Debug|Any CPU.ActiveCfg = Debug|Any CPU
		{EF300886-A8B4-4430-B183-497C07AD0110}.Debug|Any CPU.Build.0 = Debug|Any CPU
		{EF300886-A8B4-4430-B183-497C07AD0110}.Release|Any CPU.ActiveCfg = Release|Any CPU
		{EF300886-A8B4-4430-B183-497C07AD0110}.Release|Any CPU.Build.0 = Release|Any CPU
	EndGlobalSection
	GlobalSection(SolutionProperties) = preSolution
		HideSolutionNode = FALSE
	EndGlobalSection
	GlobalSection(ExtensibilityGlobals) = postSolution
		SolutionGuid = {C2242AC0-FBD1-4DAD-9428-488D86730C92}
	EndGlobalSection
EndGlobal
